
Microsoft Visual Studio Solution File, Format Version 12.00
# Visual Studio Version 17
VisualStudioVersion = 17.4.33213.308
MinimumVisualStudioVersion = 10.0.40219.1
Project("{FAE04EC0-301F-11D3-BF4B-00C04F79EFBC}") = "e-learning.PL", "e-learning.PL\e-learning.PL.csproj", "{FE37199E-D02B-4B1E-A4C0-8667006237F0}"
EndProject
Project("{FAE04EC0-301F-11D3-BF4B-00C04F79EFBC}") = "e-learning.DAL", "e-learning.DAL\e-learning.DAL.csproj", "{3369A964-1028-4B84-B89E-2CE31C2D8B80}"
EndProject
Project("{FAE04EC0-301F-11D3-BF4B-00C04F79EFBC}") = "e-learning.BLL", "e-learning.BLL\e-learning.BLL.csproj", "{89EB1DCF-25A9-4EC6-9BB4-D7FBE561998D}"
EndProject
Global
	GlobalSection(SolutionConfigurationPlatforms) = preSolution
		Debug|Any CPU = Debug|Any CPU
		Release|Any CPU = Release|Any CPU
	EndGlobalSection
	GlobalSection(ProjectConfigurationPlatforms) = postSolution
		{FE37199E-D02B-4B1E-A4C0-8667006237F0}.Debug|Any CPU.ActiveCfg = Debug|Any CPU
		{FE37199E-D02B-4B1E-A4C0-8667006237F0}.Debug|Any CPU.Build.0 = Debug|Any CPU
		{FE37199E-D02B-4B1E-A4C0-8667006237F0}.Release|Any CPU.ActiveCfg = Release|Any CPU
		{FE37199E-D02B-4B1E-A4C0-8667006237F0}.Release|Any CPU.Build.0 = Release|Any CPU
		{3369A964-1028-4B84-B89E-2CE31C2D8B80}.Debug|Any CPU.ActiveCfg = Debug|Any CPU
		{3369A964-1028-4B84-B89E-2CE31C2D8B80}.Debug|Any CPU.Build.0 = Debug|Any CPU
		{3369A964-1028-4B84-B89E-2CE31C2D8B80}.Release|Any CPU.ActiveCfg = Release|Any CPU
		{3369A964-1028-4B84-B89E-2CE31C2D8B80}.Release|Any CPU.Build.0 = Release|Any CPU
		{89EB1DCF-25A9-4EC6-9BB4-D7FBE561998D}.Debug|Any CPU.ActiveCfg = Debug|Any CPU
		{89EB1DCF-25A9-4EC6-9BB4-D7FBE561998D}.Debug|Any CPU.Build.0 = Debug|Any CPU
		{89EB1DCF-25A9-4EC6-9BB4-D7FBE561998D}.Release|Any CPU.ActiveCfg = Release|Any CPU
		{89EB1DCF-25A9-4EC6-9BB4-D7FBE561998D}.Release|Any CPU.Build.0 = Release|Any CPU
	EndGlobalSection
	GlobalSection(SolutionProperties) = preSolution
		HideSolutionNode = FALSE
	EndGlobalSection
	GlobalSection(ExtensibilityGlobals) = postSolution
		SolutionGuid = {22A22625-BB14-4076-AA7C-090C686DAC93}
	EndGlobalSection
EndGlobal
